github.com/cespare/xxhash/v2 v2.1.2 h1:YRXhKfTDauu4ajMg1TPgFO5jnlC2HCbmLXMcTG5cbYE=
github.com/cespare/xxhash/v2 v2.1.2/go.mod h1:VGX0DQ3Q6kWi7AoAeZDth3/j3BFtOZR5XLFGgcrjCOs=
github.com/coocood/freecache v1.2.3 h1:lcBwpZrwBZRZyLk/8EMyQVXRiFl663cCuMOrjCALeto=
github.com/coocood/freecache v1.2.3/go.mod h1:RBUWa/Cy+OHdfTGFEhEuE1pMCMX51Ncizj7rthiQ3vk=
